
Microsoft Visual Studio Solution File, Format Version 12.00
# Visual Studio Version 17
VisualStudioVersion = 17.11.35312.102
MinimumVisualStudioVersion = 10.0.40219.1
Project("{FAE04EC0-301F-11D3-BF4B-00C04F79EFBC}") = "BlazorAppIsChat", "BlazorAppIsChat\BlazorAppIsChat.csproj", "{4D98700F-808E-4A1B-8D20-CC49932466DE}"
EndProject
Global
	GlobalSection(SolutionConfigurationPlatforms) = preSolution
		Debug|Any CPU = Debug|Any CPU
		Release|Any CPU = Release|Any CPU
	EndGlobalSection
	GlobalSection(ProjectConfigurationPlatforms) = postSolution
		{4D98700F-808E-4A1B-8D20-CC49932466DE}.Debug|Any CPU.ActiveCfg = Debug|Any CPU
		{4D98700F-808E-4A1B-8D20-CC49932466DE}.Debug|Any CPU.Build.0 = Debug|Any CPU
		{4D98700F-808E-4A1B-8D20-CC49932466DE}.Release|Any CPU.ActiveCfg = Release|Any CPU
		{4D98700F-808E-4A1B-8D20-CC49932466DE}.Release|Any CPU.Build.0 = Release|Any CPU
	EndGlobalSection
	GlobalSection(SolutionProperties) = preSolution
		HideSolutionNode = FALSE
	EndGlobalSection
	GlobalSection(ExtensibilityGlobals) = postSolution
		SolutionGuid = {D051B1F7-DED2-4873-A9D3-342B9468B0E0}
	EndGlobalSection
EndGlobal
